
Microsoft Visual Studio Solution File, Format Version 12.00
# Visual Studio Version 17
VisualStudioVersion = 17.4.33403.182
MinimumVisualStudioVersion = 10.0.40219.1
Project("{FAE04EC0-301F-11D3-BF4B-00C04F79EFBC}") = "Checkpoint_WebAPI", "Checkpoint_WebAPI\Checkpoint_WebAPI.csproj", "{168E08F3-D88E-4277-9067-A309158F26C6}"
EndProject
Global
	GlobalSection(SolutionConfigurationPlatforms) = preSolution
		Debug|Any CPU = Debug|Any CPU
		Release|Any CPU = Release|Any CPU
	EndGlobalSection
	GlobalSection(ProjectConfigurationPlatforms) = postSolution
		{168E08F3-D88E-4277-9067-A309158F26C6}.Debug|Any CPU.ActiveCfg = Debug|Any CPU
		{168E08F3-D88E-4277-9067-A309158F26C6}.Debug|Any CPU.Build.0 = Debug|Any CPU
		{168E08F3-D88E-4277-9067-A309158F26C6}.Release|Any CPU.ActiveCfg = Release|Any CPU
		{168E08F3-D88E-4277-9067-A309158F26C6}.Release|Any CPU.Build.0 = Release|Any CPU
	EndGlobalSection
	GlobalSection(SolutionProperties) = preSolution
		HideSolutionNode = FALSE
	EndGlobalSection
	GlobalSection(ExtensibilityGlobals) = postSolution
		SolutionGuid = {0254CFF2-C547-4251-97D0-85F729DBD424}
	EndGlobalSection
EndGlobal
